// !$*UTF8*$!
{
	archiveVersion = 1;
	classes = {
	};
	objectVersion = 50;
	objects = {

/* Begin PBXBuildFile section */
		1F2CE0B626D5A971003CEEB9 /* main.swift in Sources */ = {isa = PBXBuildFile; fileRef = 1F2CE0B526D5A971003CEEB9 /* main.swift */; };
		1F2CE0B826D5A9C2003CEEB9 /* XPCService.swift in Sources */ = {isa = PBXBuildFile; fileRef = 1F2CE0B726D5A9C2003CEEB9 /* XPCService.swift */; };
		1F2CE0BA26D5ABDD003CEEB9 /* XPCServiceProtocol.swift in Sources */ = {isa = PBXBuildFile; fileRef = 1F2CE0B926D5ABDC003CEEB9 /* XPCServiceProtocol.swift */; };
		1F2CE0BB26D5D4A9003CEEB9 /* XPCServiceProtocol.swift in Sources */ = {isa = PBXBuildFile; fileRef = 1F2CE0B926D5ABDC003CEEB9 /* XPCServiceProtocol.swift */; };
		1FA0295E26D4375A00661235 /* XPCApp.swift in Sources */ = {isa = PBXBuildFile; fileRef = 1FA0295D26D4375A00661235 /* XPCApp.swift */; };
		1FA0296026D4375A00661235 /* ContentView.swift in Sources */ = {isa = PBXBuildFile; fileRef = 1FA0295F26D4375A00661235 /* ContentView.swift */; };
		1FA0296226D4375B00661235 /* Assets.xcassets in Resources */ = {isa = PBXBuildFile; fileRef = 1FA0296126D4375B00661235 /* Assets.xcassets */; };
		1FA0296526D4375B00661235 /* Preview Assets.xcassets in Resources */ = {isa = PBXBuildFile; fileRef = 1FA0296426D4375B00661235 /* Preview Assets.xcassets */; };
		1FA0297C26D4376E00661235 /* XPCService.xpc in Embed XPC Services */ = {isa = PBXBuildFile; fileRef = 1FA0297126D4376E00661235 /* XPCService.xpc */; settings = {ATTRIBUTES = (RemoveHeadersOnCopy, ); }; };
		1FA0298226D4381000661235 /* ConnectionManager.swift in Sources */ = {isa = PBXBuildFile; fileRef = 1FA0298126D4381000661235 /* ConnectionManager.swift */; };
/* End PBXBuildFile section */

/* Begin PBXContainerItemProxy section */
		1FA0297A26D4376E00661235 /* PBXContainerItemProxy */ = {
			isa = PBXContainerItemProxy;
			containerPortal = 1FA0295226D4375A00661235 /* Project object */;
			proxyType = 1;
			remoteGlobalIDString = 1FA0297026D4376E00661235;
			remoteInfo = XPCService;
		};
/* End PBXContainerItemProxy section */

/* Begin PBXCopyFilesBuildPhase section */
		1FA0298026D4376E00661235 /* Embed XPC Services */ = {
			isa = PBXCopyFilesBuildPhase;
			buildActionMask = 2147483647;
			dstPath = "$(CONTENTS_FOLDER_PATH)/XPCServices";
			dstSubfolderSpec = 16;
			files = (
				1FA0297C26D4376E00661235 /* XPCService.xpc in Embed XPC Services */,
			);
			name = "Embed XPC Services";
			runOnlyForDeploymentPostprocessing = 0;
		};
/* End PBXCopyFilesBuildPhase section */

/* Begin PBXFileReference section */
		1F2CE0B526D5A971003CEEB9 /* main.swift */ = {isa = PBXFileReference; lastKnownFileType = sourcecode.swift; path = main.swift; sourceTree = "<group>"; };
		1F2CE0B726D5A9C2003CEEB9 /* XPCService.swift */ = {isa = PBXFileReference; lastKnownFileType = sourcecode.swift; path = XPCService.swift; sourceTree = "<group>"; };
		1F2CE0B926D5ABDC003CEEB9 /* XPCServiceProtocol.swift */ = {isa = PBXFileReference; lastKnownFileType = sourcecode.swift; path = XPCServiceProtocol.swift; sourceTree = "<group>"; };
		1F2CE0BC26D5DC78003CEEB9 /* README.md */ = {isa = PBXFileReference; lastKnownFileType = net.daringfireball.markdown; path = README.md; sourceTree = "<group>"; };
		1F2CE0BE26D5DD59003CEEB9 /* LICENSE */ = {isa = PBXFileReference; lastKnownFileType = text; path = LICENSE; sourceTree = "<group>"; };
		1FA0295A26D4375A00661235 /* XPCApp.app */ = {isa = PBXFileReference; explicitFileType = wrapper.application; includeInIndex = 0; path = XPCApp.app; sourceTree = BUILT_PRODUCTS_DIR; };
		1FA0295D26D4375A00661235 /* XPCApp.swift */ = {isa = PBXFileReference; lastKnownFileType = sourcecode.swift; path = XPCApp.swift; sourceTree = "<group>"; };
		1FA0295F26D4375A00661235 /* ContentView.swift */ = {isa = PBXFileReference; lastKnownFileType = sourcecode.swift; path = ContentView.swift; sourceTree = "<group>"; };
		1FA0296126D4375B00661235 /* Assets.xcassets */ = {isa = PBXFileReference; lastKnownFileType = folder.assetcatalog; path = Assets.xcassets; sourceTree = "<group>"; };
		1FA0296426D4375B00661235 /* Preview Assets.xcassets */ = {isa = PBXFileReference; lastKnownFileType = folder.assetcatalog; path = "Preview Assets.xcassets"; sourceTree = "<group>"; };
		1FA0296626D4375B00661235 /* Info.plist */ = {isa = PBXFileReference; lastKnownFileType = text.plist.xml; path = Info.plist; sourceTree = "<group>"; };
		1FA0296726D4375B00661235 /* XPCApp.entitlements */ = {isa = PBXFileReference; lastKnownFileType = text.plist.entitlements; path = XPCApp.entitlements; sourceTree = "<group>"; };
		1FA0297126D4376E00661235 /* XPCService.xpc */ = {isa = PBXFileReference; explicitFileType = "wrapper.xpc-service"; includeInIndex = 0; path = XPCService.xpc; sourceTree = BUILT_PRODUCTS_DIR; };
		1FA0297926D4376E00661235 /* Info.plist */ = {isa = PBXFileReference; lastKnownFileType = text.plist.xml; path = Info.plist; sourceTree = "<group>"; };
		1FA0298126D4381000661235 /* ConnectionManager.swift */ = {isa = PBXFileReference; lastKnownFileType = sourcecode.swift; path = ConnectionManager.swift; sourceTree = "<group>"; };
/* End PBXFileReference section */

/* Begin PBXFrameworksBuildPhase section */
		1FA0295726D4375A00661235 /* Frameworks */ = {
			isa = PBXFrameworksBuildPhase;
			buildActionMask = 2147483647;
			files = (
			);
			runOnlyForDeploymentPostprocessing = 0;
		};
		1FA0296E26D4376E00661235 /* Frameworks */ = {
			isa = PBXFrameworksBuildPhase;
			buildActionMask = 2147483647;
			files = (
			);
			runOnlyForDeploymentPostprocessing = 0;
		};
/* End PBXFrameworksBuildPhase section */

/* Begin PBXGroup section */
		1F2CE0BD26D5DC86003CEEB9 /* Documentation */ = {
			isa = PBXGroup;
			children = (
				1F2CE0BC26D5DC78003CEEB9 /* README.md */,
				1F2CE0BE26D5DD59003CEEB9 /* LICENSE */,
			);
			path = Documentation;
			sourceTree = "<group>";
		};
		1FA0295126D4375A00661235 = {
			isa = PBXGroup;
			children = (
				1F2CE0BD26D5DC86003CEEB9 /* Documentation */,
				1FA0295C26D4375A00661235 /* XPCApp */,
				1FA0297226D4376E00661235 /* XPCService */,
				1FA0295B26D4375A00661235 /* Products */,
			);
			sourceTree = "<group>";
		};
		1FA0295B26D4375A00661235 /* Products */ = {
			isa = PBXGroup;
			children = (
				1FA0295A26D4375A00661235 /* XPCApp.app */,
				1FA0297126D4376E00661235 /* XPCService.xpc */,
			);
			name = Products;
			sourceTree = "<group>";
		};
		1FA0295C26D4375A00661235 /* XPCApp */ = {
			isa = PBXGroup;
			children = (
				1FA0295D26D4375A00661235 /* XPCApp.swift */,
				1FA0298126D4381000661235 /* ConnectionManager.swift */,
				1FA0295F26D4375A00661235 /* ContentView.swift */,
				1FA0296126D4375B00661235 /* Assets.xcassets */,
				1FA0296626D4375B00661235 /* Info.plist */,
				1FA0296726D4375B00661235 /* XPCApp.entitlements */,
				1FA0296326D4375B00661235 /* Preview Content */,
			);
			path = XPCApp;
			sourceTree = "<group>";
		};
		1FA0296326D4375B00661235 /* Preview Content */ = {
			isa = PBXGroup;
			children = (
				1FA0296426D4375B00661235 /* Preview Assets.xcassets */,
			);
			path = "Preview Content";
			sourceTree = "<group>";
		};
		1FA0297226D4376E00661235 /* XPCService */ = {
			isa = PBXGroup;
			children = (
				1F2CE0B526D5A971003CEEB9 /* main.swift */,
				1F2CE0B726D5A9C2003CEEB9 /* XPCService.swift */,
				1F2CE0B926D5ABDC003CEEB9 /* XPCServiceProtocol.swift */,
				1FA0297926D4376E00661235 /* Info.plist */,
			);
			path = XPCService;
			sourceTree = "<group>";
		};
/* End PBXGroup section */

/* Begin PBXNativeTarget section */
		1FA0295926D4375A00661235 /* XPCApp */ = {
			isa = PBXNativeTarget;
			buildConfigurationList = 1FA0296A26D4375B00661235 /* Build configuration list for PBXNativeTarget "XPCApp" */;
			buildPhases = (
				1FA0295626D4375A00661235 /* Sources */,
				1FA0295726D4375A00661235 /* Frameworks */,
				1FA0295826D4375A00661235 /* Resources */,
				1FA0298026D4376E00661235 /* Embed XPC Services */,
			);
			buildRules = (
			);
			dependencies = (
				1FA0297B26D4376E00661235 /* PBXTargetDependency */,
			);
			name = XPCApp;
			productName = XPCApp;
			productReference = 1FA0295A26D4375A00661235 /* XPCApp.app */;
			productType = "com.apple.product-type.application";
		};
		1FA0297026D4376E00661235 /* XPCService */ = {
			isa = PBXNativeTarget;
			buildConfigurationList = 1FA0297D26D4376E00661235 /* Build configuration list for PBXNativeTarget "XPCService" */;
			buildPhases = (
				1FA0296D26D4376E00661235 /* Sources */,
				1FA0296E26D4376E00661235 /* Frameworks */,
				1FA0296F26D4376E00661235 /* Resources */,
			);
			buildRules = (
			);
			dependencies = (
			);
			name = XPCService;
			productName = XPCService;
			productReference = 1FA0297126D4376E00661235 /* XPCService.xpc */;
			productType = "com.apple.product-type.xpc-service";
		};
/* End PBXNativeTarget section */

/* Begin PBXProject section */
		1FA0295226D4375A00661235 /* Project object */ = {
			isa = PBXProject;
			attributes = {
				LastSwiftUpdateCheck = 1250;
				LastUpgradeCheck = 1250;
				TargetAttributes = {
					1FA0295926D4375A00661235 = {
						CreatedOnToolsVersion = 12.5.1;
					};
					1FA0297026D4376E00661235 = {
						CreatedOnToolsVersion = 12.5.1;
						LastSwiftMigration = 1250;
					};
				};
			};
			buildConfigurationList = 1FA0295526D4375A00661235 /* Build configuration list for PBXProject "XPCApp" */;
			compatibilityVersion = "Xcode 9.3";
			developmentRegion = en;
			hasScannedForEncodings = 0;
			knownRegions = (
				en,
				Base,
			);
			mainGroup = 1FA0295126D4375A00661235;
			productRefGroup = 1FA0295B26D4375A00661235 /* Products */;
			projectDirPath = "";
			projectRoot = "";
			targets = (
				1FA0295926D4375A00661235 /* XPCApp */,
				1FA0297026D4376E00661235 /* XPCService */,
			);
		};
/* End PBXProject section */

/* Begin PBXResourcesBuildPhase section */
		1FA0295826D4375A00661235 /* Resources */ = {
			isa = PBXResourcesBuildPhase;
			buildActionMask = 2147483647;
			files = (
				1FA0296526D4375B00661235 /* Preview Assets.xcassets in Resources */,
				1FA0296226D4375B00661235 /* Assets.xcassets in Resources */,
			);
			runOnlyForDeploymentPostprocessing = 0;
		};
		1FA0296F26D4376E00661235 /* Resources */ = {
			isa = PBXResourcesBuildPhase;
			buildActionMask = 2147483647;
			files = (
			);
			runOnlyForDeploymentPostprocessing = 0;
		};
/* End PBXResourcesBuildPhase section */

/* Begin PBXSourcesBuildPhase section */
		1FA0295626D4375A00661235 /* Sources */ = {
			isa = PBXSourcesBuildPhase;
			buildActionMask = 2147483647;
			files = (
				1FA0296026D4375A00661235 /* ContentView.swift in Sources */,
				1F2CE0BB26D5D4A9003CEEB9 /* XPCServiceProtocol.swift in Sources */,
				1FA0298226D4381000661235 /* ConnectionManager.swift in Sources */,
				1FA0295E26D4375A00661235 /* XPCApp.swift in Sources */,
			);
			runOnlyForDeploymentPostprocessing = 0;
		};
		1FA0296D26D4376E00661235 /* Sources */ = {
			isa = PBXSourcesBuildPhase;
			buildActionMask = 2147483647;
			files = (
				1F2CE0BA26D5ABDD003CEEB9 /* XPCServiceProtocol.swift in Sources */,
				1F2CE0B626D5A971003CEEB9 /* main.swift in Sources */,
				1F2CE0B826D5A9C2003CEEB9 /* XPCService.swift in Sources */,
			);
			runOnlyForDeploymentPostprocessing = 0;
		};
/* End PBXSourcesBuildPhase section */

/* Begin PBXTargetDependency section */
		1FA0297B26D4376E00661235 /* PBXTargetDependency */ = {
			isa = PBXTargetDependency;
			target = 1FA0297026D4376E00661235 /* XPCService */;
			targetProxy = 1FA0297A26D4376E00661235 /* PBXContainerItemProxy */;
		};
/* End PBXTargetDependency section */

/* Begin XCBuildConfiguration section */
		1FA0296826D4375B00661235 /* Debug */ = {
			isa = XCBuildConfiguration;
			buildSettings = {
				ALWAYS_SEARCH_USER_PATHS = NO;
				CLANG_ANALYZER_NONNULL = YES;
				CLANG_ANALYZER_NUMBER_OBJECT_CONVERSION = YES_AGGRESSIVE;
				CLANG_CXX_LANGUAGE_STANDARD = "gnu++14";
				CLANG_CXX_LIBRARY = "libc++";
				CLANG_ENABLE_MODULES = YES;
				CLANG_ENABLE_OBJC_ARC = YES;
				CLANG_ENABLE_OBJC_WEAK = YES;
				CLANG_WARN_BLOCK_CAPTURE_AUTORELEASING = YES;
				CLANG_WARN_BOOL_CONVERSION = YES;
				CLANG_WARN_COMMA = YES;
				CLANG_WARN_CONSTANT_CONVERSION = YES;
				CLANG_WARN_DEPRECATED_OBJC_IMPLEMENTATIONS = YES;
				CLANG_WARN_DIRECT_OBJC_ISA_USAGE = YES_ERROR;
				CLANG_WARN_DOCUMENTATION_COMMENTS = YES;
				CLANG_WARN_EMPTY_BODY = YES;
				CLANG_WARN_ENUM_CONVERSION = YES;
				CLANG_WARN_INFINITE_RECURSION = YES;
				CLANG_WARN_INT_CONVERSION = YES;
				CLANG_WARN_NON_LITERAL_NULL_CONVERSION = YES;
				CLANG_WARN_OBJC_IMPLICIT_RETAIN_SELF = YES;
				CLANG_WARN_OBJC_LITERAL_CONVERSION = YES;
				CLANG_WARN_OBJC_ROOT_CLASS = YES_ERROR;
				CLANG_WARN_QUOTED_INCLUDE_IN_FRAMEWORK_HEADER = YES;
				CLANG_WARN_RANGE_LOOP_ANALYSIS = YES;
				CLANG_WARN_STRICT_PROTOTYPES = YES;
				CLANG_WARN_SUSPICIOUS_MOVE = YES;
				CLANG_WARN_UNGUARDED_AVAILABILITY = YES_AGGRESSIVE;
				CLANG_WARN_UNREACHABLE_CODE = YES;
				CLANG_WARN__DUPLICATE_METHOD_MATCH = YES;
				COPY_PHASE_STRIP = NO;
				DEBUG_INFORMATION_FORMAT = dwarf;
				ENABLE_STRICT_OBJC_MSGSEND = YES;
				ENABLE_TESTABILITY = YES;
				GCC_C_LANGUAGE_STANDARD = gnu11;
				GCC_DYNAMIC_NO_PIC = NO;
				GCC_NO_COMMON_BLOCKS = YES;
				GCC_OPTIMIZATION_LEVEL = 0;
				GCC_PREPROCESSOR_DEFINITIONS = (
					"DEBUG=1",
					"$(inherited)",
				);
				GCC_WARN_64_TO_32_BIT_CONVERSION = YES;
				GCC_WARN_ABOUT_RETURN_TYPE = YES_ERROR;
				GCC_WARN_UNDECLARED_SELECTOR = YES;
				GCC_WARN_UNINITIALIZED_AUTOS = YES_AGGRESSIVE;
				GCC_WARN_UNUSED_FUNCTION = YES;
				GCC_WARN_UNUSED_VARIABLE = YES;
				MACOSX_DEPLOYMENT_TARGET = 11.3;
				MTL_ENABLE_DEBUG_INFO = INCLUDE_SOURCE;
				MTL_FAST_MATH = YES;
				ONLY_ACTIVE_ARCH = YES;
				SDKROOT = macosx;
				SWIFT_ACTIVE_COMPILATION_CONDITIONS = DEBUG;
				SWIFT_OPTIMIZATION_LEVEL = "-Onone";
			};
			name = Debug;
		};
		1FA0296926D4375B00661235 /* Release */ = {
			isa = XCBuildConfiguration;
			buildSettings = {
				ALWAYS_SEARCH_USER_PATHS = NO;
				CLANG_ANALYZER_NONNULL = YES;
				CLANG_ANALYZER_NUMBER_OBJECT_CONVERSION = YES_AGGRESSIVE;
				CLANG_CXX_LANGUAGE_STANDARD = "gnu++14";
				CLANG_CXX_LIBRARY = "libc++";
				CLANG_ENABLE_MODULES = YES;
				CLANG_ENABLE_OBJC_ARC = YES;
				CLANG_ENABLE_OBJC_WEAK = YES;
				CLANG_WARN_BLOCK_CAPTURE_AUTORELEASING = YES;
				CLANG_WARN_BOOL_CONVERSION = YES;
				CLANG_WARN_COMMA = YES;
				CLANG_WARN_CONSTANT_CONVERSION = YES;
				CLANG_WARN_DEPRECATED_OBJC_IMPLEMENTATIONS = YES;
				CLANG_WARN_DIRECT_OBJC_ISA_USAGE = YES_ERROR;
				CLANG_WARN_DOCUMENTATION_COMMENTS = YES;
				CLANG_WARN_EMPTY_BODY = YES;
				CLANG_WARN_ENUM_CONVERSION = YES;
				CLANG_WARN_INFINITE_RECURSION = YES;
				CLANG_WARN_INT_CONVERSION = YES;
				CLANG_WARN_NON_LITERAL_NULL_CONVERSION = YES;
				CLANG_WARN_OBJC_IMPLICIT_RETAIN_SELF = YES;
				CLANG_WARN_OBJC_LITERAL_CONVERSION = YES;
				CLANG_WARN_OBJC_ROOT_CLASS = YES_ERROR;
				CLANG_WARN_QUOTED_INCLUDE_IN_FRAMEWORK_HEADER = YES;
				CLANG_WARN_RANGE_LOOP_ANALYSIS = YES;
				CLANG_WARN_STRICT_PROTOTYPES = YES;
				CLANG_WARN_SUSPICIOUS_MOVE = YES;
				CLANG_WARN_UNGUARDED_AVAILABILITY = YES_AGGRESSIVE;
				CLANG_WARN_UNREACHABLE_CODE = YES;
				CLANG_WARN__DUPLICATE_METHOD_MATCH = YES;
				COPY_PHASE_STRIP = NO;
				DEBUG_INFORMATION_FORMAT = "dwarf-with-dsym";
				ENABLE_NS_ASSERTIONS = NO;
				ENABLE_STRICT_OBJC_MSGSEND = YES;
				GCC_C_LANGUAGE_STANDARD = gnu11;
				GCC_NO_COMMON_BLOCKS = YES;
				GCC_WARN_64_TO_32_BIT_CONVERSION = YES;
				GCC_WARN_ABOUT_RETURN_TYPE = YES_ERROR;
				GCC_WARN_UNDECLARED_SELECTOR = YES;
				GCC_WARN_UNINITIALIZED_AUTOS = YES_AGGRESSIVE;
				GCC_WARN_UNUSED_FUNCTION = YES;
				GCC_WARN_UNUSED_VARIABLE = YES;
				MACOSX_DEPLOYMENT_TARGET = 11.3;
				MTL_ENABLE_DEBUG_INFO = NO;
				MTL_FAST_MATH = YES;
				SDKROOT = macosx;
				SWIFT_COMPILATION_MODE = wholemodule;
				SWIFT_OPTIMIZATION_LEVEL = "-O";
			};
			name = Release;
		};
		1FA0296B26D4375B00661235 /* Debug */ = {
			isa = XCBuildConfiguration;
			buildSettings = {
				ALWAYS_EMBED_SWIFT_STANDARD_LIBRARIES = YES;
				ASSETCATALOG_COMPILER_APPICON_NAME = AppIcon;
				ASSETCATALOG_COMPILER_GLOBAL_ACCENT_COLOR_NAME = AccentColor;
				CODE_SIGN_ENTITLEMENTS = XPCApp/XPCApp.entitlements;
				CODE_SIGN_IDENTITY = "Apple Development";
				CODE_SIGN_STYLE = Automatic;
				COMBINE_HIDPI_IMAGES = YES;
				DEVELOPMENT_ASSET_PATHS = "\"XPCApp/Preview Content\"";
				DEVELOPMENT_TEAM = RE77T6J6G4;
				ENABLE_HARDENED_RUNTIME = YES;
				ENABLE_PREVIEWS = YES;
				INFOPLIST_FILE = XPCApp/Info.plist;
				LD_RUNPATH_SEARCH_PATHS = (
					"$(inherited)",
					"@executable_path/../Frameworks",
				);
				MACOSX_DEPLOYMENT_TARGET = 11.0;
				PRODUCT_BUNDLE_IDENTIFIER = com.example.XPCApp;
				PRODUCT_NAME = "$(TARGET_NAME)";
				SWIFT_OBJC_BRIDGING_HEADER = "";
				SWIFT_VERSION = 5.0;
			};
			name = Debug;
		};
		1FA0296C26D4375B00661235 /* Release */ = {
			isa = XCBuildConfiguration;
			buildSettings = {
				ALWAYS_EMBED_SWIFT_STANDARD_LIBRARIES = YES;
				ASSETCATALOG_COMPILER_APPICON_NAME = AppIcon;
				ASSETCATALOG_COMPILER_GLOBAL_ACCENT_COLOR_NAME = AccentColor;
				CODE_SIGN_ENTITLEMENTS = XPCApp/XPCApp.entitlements;
				CODE_SIGN_IDENTITY = "Apple Development";
				CODE_SIGN_STYLE = Automatic;
				COMBINE_HIDPI_IMAGES = YES;
				DEVELOPMENT_ASSET_PATHS = "\"XPCApp/Preview Content\"";
				DEVELOPMENT_TEAM = RE77T6J6G4;
				ENABLE_HARDENED_RUNTIME = YES;
				ENABLE_PREVIEWS = YES;
				INFOPLIST_FILE = XPCApp/Info.plist;
				LD_RUNPATH_SEARCH_PATHS = (
					"$(inherited)",
					"@executable_path/../Frameworks",
				);
				MACOSX_DEPLOYMENT_TARGET = 11.0;
				PRODUCT_BUNDLE_IDENTIFIER = com.example.XPCApp;
				PRODUCT_NAME = "$(TARGET_NAME)";
				SWIFT_OBJC_BRIDGING_HEADER = "";
				SWIFT_VERSION = 5.0;
			};
			name = Release;
		};
		1FA0297E26D4376E00661235 /* Debug */ = {
			isa = XCBuildConfiguration;
			buildSettings = {
				CLANG_ENABLE_MODULES = YES;
				CODE_SIGN_IDENTITY = "Apple Development";
				CODE_SIGN_STYLE = Automatic;
				COMBINE_HIDPI_IMAGES = YES;
				DEVELOPMENT_TEAM = RE77T6J6G4;
				ENABLE_HARDENED_RUNTIME = YES;
				INFOPLIST_FILE = XPCService/Info.plist;
				LD_RUNPATH_SEARCH_PATHS = (
					"$(inherited)",
					"@executable_path/../Frameworks",
					"@loader_path/../Frameworks",
				);
				PRODUCT_BUNDLE_IDENTIFIER = com.example.XPCService;
				PRODUCT_NAME = "$(TARGET_NAME)";
				SKIP_INSTALL = YES;
				SWIFT_OBJC_BRIDGING_HEADER = "";
				SWIFT_OPTIMIZATION_LEVEL = "-Onone";
				SWIFT_VERSION = 5.0;
			};
			name = Debug;
		};
		1FA0297F26D4376E00661235 /* Release */ = {
			isa = XCBuildConfiguration;
			buildSettings = {
				CLANG_ENABLE_MODULES = YES;
				CODE_SIGN_IDENTITY = "Apple Development";
				CODE_SIGN_STYLE = Automatic;
				COMBINE_HIDPI_IMAGES = YES;
				DEVELOPMENT_TEAM = RE77T6J6G4;
				ENABLE_HARDENED_RUNTIME = YES;
				INFOPLIST_FILE = XPCService/Info.plist;
				LD_RUNPATH_SEARCH_PATHS = (
					"$(inherited)",
					"@executable_path/../Frameworks",
					"@loader_path/../Frameworks",
				);
				PRODUCT_BUNDLE_IDENTIFIER = com.example.XPCService;
				PRODUCT_NAME = "$(TARGET_NAME)";
				SKIP_INSTALL = YES;
				SWIFT_OBJC_BRIDGING_HEADER = "";
				SWIFT_VERSION = 5.0;
			};
			name = Release;
		};
/* End XCBuildConfiguration section */

/* Begin XCConfigurationList section */
		1FA0295526D4375A00661235 /* Build configuration list for PBXProject "XPCApp" */ = {
			isa = XCConfigurationList;
			buildConfigurations = (
				1FA0296826D4375B00661235 /* Debug */,
				1FA0296926D4375B00661235 /* Release */,
			);
			defaultConfigurationIsVisible = 0;
			defaultConfigurationName = Release;
		};
		1FA0296A26D4375B00661235 /* Build configuration list for PBXNativeTarget "XPCApp" */ = {
			isa = XCConfigurationList;
			buildConfigurations = (
				1FA0296B26D4375B00661235 /* Debug */,
				1FA0296C26D4375B00661235 /* Release */,
			);
			defaultConfigurationIsVisible = 0;
			defaultConfigurationName = Release;
		};
		1FA0297D26D4376E00661235 /* Build configuration list for PBXNativeTarget "XPCService" */ = {
			isa = XCConfigurationList;
			buildConfigurations = (
				1FA0297E26D4376E00661235 /* Debug */,
				1FA0297F26D4376E00661235 /* Release */,
			);
			defaultConfigurationIsVisible = 0;
			defaultConfigurationName = Release;
		};
/* End XCConfigurationList section */
	};
	rootObject = 1FA0295226D4375A00661235 /* Project object */;
}
